
Microsoft Visual Studio Solution File, Format Version 12.00
# Visual Studio Version 17
VisualStudioVersion = 17.14.36623.8 d17.14
MinimumVisualStudioVersion = 10.0.40219.1
Project("{FAE04EC0-301F-11D3-BF4B-00C04F79EFBC}") = "DiceRollGame", "DiceRollGame\DiceRollGame.csproj", "{A43F9E0A-3C97-4956-ACA1-FA414C992BA3}"
EndProject
Global
	GlobalSection(SolutionConfigurationPlatforms) = preSolution
		Debug|Any CPU = Debug|Any CPU
		Release|Any CPU = Release|Any CPU
	EndGlobalSection
	GlobalSection(ProjectConfigurationPlatforms) = postSolution
		{A43F9E0A-3C97-4956-ACA1-FA414C992BA3}.Debug|Any CPU.ActiveCfg = Debug|Any CPU
		{A43F9E0A-3C97-4956-ACA1-FA414C992BA3}.Debug|Any CPU.Build.0 = Debug|Any CPU
		{A43F9E0A-3C97-4956-ACA1-FA414C992BA3}.Release|Any CPU.ActiveCfg = Release|Any CPU
		{A43F9E0A-3C97-4956-ACA1-FA414C992BA3}.Release|Any CPU.Build.0 = Release|Any CPU
	EndGlobalSection
	GlobalSection(SolutionProperties) = preSolution
		HideSolutionNode = FALSE
	EndGlobalSection
	GlobalSection(ExtensibilityGlobals) = postSolution
		SolutionGuid = {34193B8C-3603-4C2E-B1AF-E57BA7909F80}
	EndGlobalSection
EndGlobal
